<?xml version="1.0" encoding="utf-8"?>
<Project ToolsVersion="4.0" xmlns="http://schemas.microsoft.com/developer/msbuild/2003">
  <ItemGroup>
    <Filter Include="Source Files">
      <UniqueIdentifier>{4FC737F1-C7A5-4376-A066-2A32D752A2FF}</UniqueIdentifier>
      <Extensions>cpp;c;cc;cxx;c++;cppm;ixx;def;odl;idl;hpj;bat;asm;asmx</Extensions>
    </Filter>
    <Filter Include="Header Files">
      <UniqueIdentifier>{93995380-89BD-4b04-88EB-625FBE52EBFB}</UniqueIdentifier>
      <Extensions>h;hh;hpp;hxx;h++;hm;inl;inc;ipp;xsd</Extensions>
    </Filter>
    <Filter Include="Resource Files">
      <UniqueIdentifier>{67DA6AB6-F800-4c08-8B7A-83BB121AAD01}</UniqueIdentifier>
      <Extensions>rc;ico;cur;bmp;dlg;rc2;rct;bin;rgs;gif;jpg;jpeg;jpe;resx;tiff;tif;png;wav;mfcribbon-ms</Extensions>
    </Filter>
  </ItemGroup>
  <ItemGroup>
    <ClCompile Include="Main.cpp">
      <Filter>Source Files</Filter>
    </ClCompile>
    <ClCompile Include="utils\Log.cpp">
      <Filter>Source Files</Filter>
    </ClCompile>
    <ClCompile Include="src\MiddleLinkedList.cpp">
      <Filter>Source Files</Filter>
    </ClCompile>
    <ClCompile Include="src\NumberOfStepsToZero.cpp">
      <Filter>Source Files</Filter>
    </ClCompile>
    <ClCompile Include="src\RansomNote.cpp">
      <Filter>Source Files</Filter>
    </ClCompile>
    <ClCompile Include="src\RichestCustomerWealth.cpp">
      <Filter>Source Files</Filter>
    </ClCompile>
    <ClCompile Include="src\Running1dArray.cpp">
      <Filter>Source Files</Filter>
    </ClCompile>
    <ClCompile Include="src\TwoSumTarget.cpp">
      <Filter>Source Files</Filter>
    </ClCompile>
    <ClCompile Include="src\FizzBuzz.cpp">
      <Filter>Source Files</Filter>
    </ClCompile>
    <ClCompile Include="src\PalindromeNumber.cpp">
      <Filter>Source Files</Filter>
    </ClCompile>
    <ClCompile Include="src\RomanToInteger.cpp">
      <Filter>Source Files</Filter>
    </ClCompile>
    <ClCompile Include="src\LongestCommonPrefix.cpp">
      <Filter>Source Files</Filter>
    </ClCompile>
    <ClCompile Include="src\ValidParentheses.cpp">
      <Filter>Source Files</Filter>
    </ClCompile>
    <ClCompile Include="src\MaximumDepthBinaryTree.cpp">
      <Filter>Source Files</Filter>
    </ClCompile>
    <ClCompile Include="src\MaxConsecutiveOnes.cpp">
      <Filter>Source Files</Filter>
    </ClCompile>
    <ClCompile Include="src\FindNumbersEvenNumberDigits.cpp">
      <Filter>Source Files</Filter>
    </ClCompile>
    <ClCompile Include="src\SquaresSortedArray.cpp">
      <Filter>Source Files</Filter>
    </ClCompile>
    <ClCompile Include="src\DuplicateZeros.cpp">
      <Filter>Source Files</Filter>
    </ClCompile>
    <ClCompile Include="src\MergedSortedArray.cpp">
      <Filter>Source Files</Filter>
    </ClCompile>
    <ClCompile Include="src\RemoveElement.cpp">
      <Filter>Source Files</Filter>
    </ClCompile>
    <ClCompile Include="src\RemoveDuplicatesSortedArray.cpp">
      <Filter>Source Files</Filter>
    </ClCompile>
    <ClCompile Include="src\CheckIfExistNandDouble.cpp">
      <Filter>Source Files</Filter>
    </ClCompile>
    <ClCompile Include="src\ValidMountainArray.cpp">
      <Filter>Source Files</Filter>
    </ClCompile>
    <ClCompile Include="src\ReplaceElementsGreatestElementRightSide.cpp">
      <Filter>Source Files</Filter>
    </ClCompile>
    <ClCompile Include="src\MoveZeroes.cpp">
      <Filter>Source Files</Filter>
    </ClCompile>
    <ClCompile Include="src\SortArrayParity.cpp">
      <Filter>Source Files</Filter>
    </ClCompile>
    <ClCompile Include="src\HeightChecker.cpp">
      <Filter>Source Files</Filter>
    </ClCompile>
    <ClCompile Include="src\ThirdMaximumNumber.cpp">
      <Filter>Source Files</Filter>
    </ClCompile>
    <ClCompile Include="src\FindNumbersDisappearedArray.cpp">
      <Filter>Source Files</Filter>
    </ClCompile>
  </ItemGroup>
  <ItemGroup>
    <ClInclude Include="utils\Log.h">
      <Filter>Header Files</Filter>
    </ClInclude>
    <ClInclude Include="src\FizzBuzz.h">
      <Filter>Header Files</Filter>
    </ClInclude>
    <ClInclude Include="src\MiddleLinkedList.h">
      <Filter>Header Files</Filter>
    </ClInclude>
    <ClInclude Include="src\NumberOfStepsToZero.h">
      <Filter>Header Files</Filter>
    </ClInclude>
    <ClInclude Include="src\RansomNote.h">
      <Filter>Header Files</Filter>
    </ClInclude>
    <ClInclude Include="src\RichestCustomerWealth.h">
      <Filter>Header Files</Filter>
    </ClInclude>
    <ClInclude Include="src\Running1dArray.h">
      <Filter>Header Files</Filter>
    </ClInclude>
    <ClInclude Include="src\TwoSumTarget.h">
      <Filter>Header Files</Filter>
    </ClInclude>
    <ClInclude Include="src\PalindromeNumber.h">
      <Filter>Header Files</Filter>
    </ClInclude>
    <ClInclude Include="src\RomanToInteger.h">
      <Filter>Header Files</Filter>
    </ClInclude>
    <ClInclude Include="src\LongestCommonPrefix.h">
      <Filter>Header Files</Filter>
    </ClInclude>
    <ClInclude Include="src\ValidParentheses.h">
      <Filter>Header Files</Filter>
    </ClInclude>
    <ClInclude Include="src\MaximumDepthBinaryTree.h">
      <Filter>Header Files</Filter>
    </ClInclude>
    <ClInclude Include="src\MaxConsecutiveOnes.h">
      <Filter>Header Files</Filter>
    </ClInclude>
    <ClInclude Include="src\FindNumbersEvenNumberDigits.h">
      <Filter>Header Files</Filter>
    </ClInclude>
    <ClInclude Include="src\SquaresSortedArray.h">
      <Filter>Header Files</Filter>
    </ClInclude>
    <ClInclude Include="src\DuplicateZeros.h">
      <Filter>Header Files</Filter>
    </ClInclude>
    <ClInclude Include="src\MergedSortedArray.h">
      <Filter>Header Files</Filter>
    </ClInclude>
    <ClInclude Include="src\RemoveElement.h">
      <Filter>Header Files</Filter>
    </ClInclude>
    <ClInclude Include="src\RemoveDuplicatesSortedArray.h">
      <Filter>Header Files</Filter>
    </ClInclude>
    <ClInclude Include="src\CheckIfExistNandDouble.h">
      <Filter>Header Files</Filter>
    </ClInclude>
    <ClInclude Include="src\ValidMountainArray.h">
      <Filter>Header Files</Filter>
    </ClInclude>
    <ClInclude Include="src\ReplaceElementsGreatestElementRightSide.h">
      <Filter>Header Files</Filter>
    </ClInclude>
    <ClInclude Include="src\MoveZeroes.h">
      <Filter>Header Files</Filter>
    </ClInclude>
    <ClInclude Include="src\SortArrayParity.h">
      <Filter>Header Files</Filter>
    </ClInclude>
    <ClInclude Include="src\HeightChecker.h">
      <Filter>Header Files</Filter>
    </ClInclude>
    <ClInclude Include="src\ThirdMaximumNumber.h">
      <Filter>Header Files</Filter>
    </ClInclude>
    <ClInclude Include="src\FindNumbersDisappearedArray.h">
      <Filter>Header Files</Filter>
    </ClInclude>
  </ItemGroup>
</Project>